
Microsoft Visual Studio Solution File, Format Version 12.00
# Visual Studio Version 17
VisualStudioVersion = 17.2.32616.157
MinimumVisualStudioVersion = 10.0.40219.1
Project("{FAE04EC0-301F-11D3-BF4B-00C04F79EFBC}") = "SmtpConnector", "SmtpConnector\SmtpConnector.csproj", "{728BF127-9FAC-48C3-AECE-C2A477BAE594}"
EndProject
Global
	GlobalSection(SolutionConfigurationPlatforms) = preSolution
		Debug|Any CPU = Debug|Any CPU
		Release|Any CPU = Release|Any CPU
	EndGlobalSection
	GlobalSection(ProjectConfigurationPlatforms) = postSolution
		{728BF127-9FAC-48C3-AECE-C2A477BAE594}.Debug|Any CPU.ActiveCfg = Debug|Any CPU
		{728BF127-9FAC-48C3-AECE-C2A477BAE594}.Debug|Any CPU.Build.0 = Debug|Any CPU
		{728BF127-9FAC-48C3-AECE-C2A477BAE594}.Release|Any CPU.ActiveCfg = Release|Any CPU
		{728BF127-9FAC-48C3-AECE-C2A477BAE594}.Release|Any CPU.Build.0 = Release|Any CPU
	EndGlobalSection
	GlobalSection(SolutionProperties) = preSolution
		HideSolutionNode = FALSE
	EndGlobalSection
	GlobalSection(ExtensibilityGlobals) = postSolution
		SolutionGuid = {C1A5A0C9-F81C-4BEF-9C9D-F4ADA4B0023A}
	EndGlobalSection
EndGlobal
